
Microsoft Visual Studio Solution File, Format Version 12.00
# Visual Studio Version 17
VisualStudioVersion = 17.2.32630.192
MinimumVisualStudioVersion = 10.0.40219.1
Project("{FAE04EC0-301F-11D3-BF4B-00C04F79EFBC}") = "WebAppTaskApi", "WebAppTaskApi\WebAppTaskApi.csproj", "{0C52B253-2DE5-4556-867C-788E9C8DBEAE}"
EndProject
Project("{FAE04EC0-301F-11D3-BF4B-00C04F79EFBC}") = "WebAppTaskConsoleApp", "WebAppTaskConsoleApp\WebAppTaskConsoleApp.csproj", "{95ECC495-668D-456C-B08C-1AEE6C3EB98F}"
EndProject
Global
	GlobalSection(SolutionConfigurationPlatforms) = preSolution
		Debug|Any CPU = Debug|Any CPU
		Release|Any CPU = Release|Any CPU
	EndGlobalSection
	GlobalSection(ProjectConfigurationPlatforms) = postSolution
		{0C52B253-2DE5-4556-867C-788E9C8DBEAE}.Debug|Any CPU.ActiveCfg = Debug|Any CPU
		{0C52B253-2DE5-4556-867C-788E9C8DBEAE}.Debug|Any CPU.Build.0 = Debug|Any CPU
		{0C52B253-2DE5-4556-867C-788E9C8DBEAE}.Release|Any CPU.ActiveCfg = Release|Any CPU
		{0C52B253-2DE5-4556-867C-788E9C8DBEAE}.Release|Any CPU.Build.0 = Release|Any CPU
		{95ECC495-668D-456C-B08C-1AEE6C3EB98F}.Debug|Any CPU.ActiveCfg = Debug|Any CPU
		{95ECC495-668D-456C-B08C-1AEE6C3EB98F}.Debug|Any CPU.Build.0 = Debug|Any CPU
		{95ECC495-668D-456C-B08C-1AEE6C3EB98F}.Release|Any CPU.ActiveCfg = Release|Any CPU
		{95ECC495-668D-456C-B08C-1AEE6C3EB98F}.Release|Any CPU.Build.0 = Release|Any CPU
	EndGlobalSection
	GlobalSection(SolutionProperties) = preSolution
		HideSolutionNode = FALSE
	EndGlobalSection
	GlobalSection(ExtensibilityGlobals) = postSolution
		SolutionGuid = {72DDA879-8D8B-47FA-AEA2-022CA1A08CA0}
	EndGlobalSection
EndGlobal
